
Microsoft Visual Studio Solution File, Format Version 12.00
# Visual Studio 15
VisualStudioVersion = 15.0.27428.2037
MinimumVisualStudioVersion = 10.0.40219.1
Project("{FAE04EC0-301F-11D3-BF4B-00C04F79EFBC}") = "Product-CRUDOperation", "Product-CRUDOperation\Product-CRUDOperation.csproj", "{3FDBBB58-E5E2-4FA3-A6FC-8EBC3DFA5BAC}"
EndProject
Global
	GlobalSection(SolutionConfigurationPlatforms) = preSolution
		Debug|Any CPU = Debug|Any CPU
		Release|Any CPU = Release|Any CPU
	EndGlobalSection
	GlobalSection(ProjectConfigurationPlatforms) = postSolution
		{3FDBBB58-E5E2-4FA3-A6FC-8EBC3DFA5BAC}.Debug|Any CPU.ActiveCfg = Debug|Any CPU
		{3FDBBB58-E5E2-4FA3-A6FC-8EBC3DFA5BAC}.Debug|Any CPU.Build.0 = Debug|Any CPU
		{3FDBBB58-E5E2-4FA3-A6FC-8EBC3DFA5BAC}.Release|Any CPU.ActiveCfg = Release|Any CPU
		{3FDBBB58-E5E2-4FA3-A6FC-8EBC3DFA5BAC}.Release|Any CPU.Build.0 = Release|Any CPU
	EndGlobalSection
	GlobalSection(SolutionProperties) = preSolution
		HideSolutionNode = FALSE
	EndGlobalSection
	GlobalSection(ExtensibilityGlobals) = postSolution
		SolutionGuid = {132AC851-6B3C-484B-B30A-75EA5A0987B1}
	EndGlobalSection
EndGlobal
